
Microsoft Visual Studio Solution File, Format Version 12.00
# Visual Studio Version 16
VisualStudioVersion = 16.0.29911.84
MinimumVisualStudioVersion = 10.0.40219.1
Project("{FAE04EC0-301F-11D3-BF4B-00C04F79EFBC}") = "CustomMediaPlayer", "CustomMediaPlayer\CustomMediaPlayer.csproj", "{7FCE0BE1-E67E-4731-ADB4-D9C89A19F35B}"
EndProject
Project("{9A19103F-16F7-4668-BE54-9A1E7A4F7556}") = "CustomMediaPlayerV2", "CustomMediaPlayerV2\CustomMediaPlayerV2.csproj", "{AF788E7E-FCE4-4FA5-A70C-32CF11FCC6CA}"
EndProject
Project("{D954291E-2A0B-460D-934E-DC6B0785DB48}") = "CrossCMP.Shared", "CrossCMP\CrossCMP.Shared\CrossCMP.Shared.shproj", "{6279C845-92F8-4333-AB99-3D213163593C}"
EndProject
Project("{FAE04EC0-301F-11D3-BF4B-00C04F79EFBC}") = "CrossCMP.Droid", "CrossCMP\CrossCMP.Droid\CrossCMP.Droid.csproj", "{825001A4-F122-412C-80D2-06E37B05BDF3}"
EndProject
Project("{FAE04EC0-301F-11D3-BF4B-00C04F79EFBC}") = "CrossCMP.iOS", "CrossCMP\CrossCMP.iOS\CrossCMP.iOS.csproj", "{E0605895-B99E-4331-BB52-ECE4E673B41C}"
EndProject
Project("{FAE04EC0-301F-11D3-BF4B-00C04F79EFBC}") = "CrossCMP.UWP", "CrossCMP\CrossCMP.UWP\CrossCMP.UWP.csproj", "{58476F3E-670E-4966-AB3D-B1DBFB3AC567}"
EndProject
Project("{FAE04EC0-301F-11D3-BF4B-00C04F79EFBC}") = "CrossCMP.Wasm", "CrossCMP\CrossCMP.Wasm\CrossCMP.Wasm.csproj", "{1FBF2EDE-B107-4404-8DF3-67506D9B0EEC}"
EndProject
Project("{FAE04EC0-301F-11D3-BF4B-00C04F79EFBC}") = "CrossCMP.macOS", "CrossCMP\CrossCMP.macOS\CrossCMP.macOS.csproj", "{6FEE92F1-5125-4D6F-AD1A-EA4ACB24D5D6}"
EndProject
Global
	GlobalSection(SharedMSBuildProjectFiles) = preSolution
		CrossCMP\CrossCMP.Shared\CrossCMP.Shared.projitems*{1fbf2ede-b107-4404-8df3-67506d9b0eec}*SharedItemsImports = 5
		CrossCMP\CrossCMP.Shared\CrossCMP.Shared.projitems*{58476f3e-670e-4966-ab3d-b1dbfb3ac567}*SharedItemsImports = 4
		CrossCMP\CrossCMP.Shared\CrossCMP.Shared.projitems*{6279c845-92f8-4333-ab99-3d213163593c}*SharedItemsImports = 13
		CrossCMP\CrossCMP.Shared\CrossCMP.Shared.projitems*{6fee92f1-5125-4d6f-ad1a-ea4acb24d5d6}*SharedItemsImports = 4
		CrossCMP\CrossCMP.Shared\CrossCMP.Shared.projitems*{825001a4-f122-412c-80d2-06e37b05bdf3}*SharedItemsImports = 4
		CrossCMP\CrossCMP.Shared\CrossCMP.Shared.projitems*{e0605895-b99e-4331-bb52-ece4e673b41c}*SharedItemsImports = 4
	EndGlobalSection
	GlobalSection(SolutionConfigurationPlatforms) = preSolution
		Ad-Hoc|Any CPU = Ad-Hoc|Any CPU
		Ad-Hoc|ARM = Ad-Hoc|ARM
		Ad-Hoc|ARM64 = Ad-Hoc|ARM64
		Ad-Hoc|iPhone = Ad-Hoc|iPhone
		Ad-Hoc|iPhoneSimulator = Ad-Hoc|iPhoneSimulator
		Ad-Hoc|x64 = Ad-Hoc|x64
		Ad-Hoc|x86 = Ad-Hoc|x86
		AppStore|Any CPU = AppStore|Any CPU
		AppStore|ARM = AppStore|ARM
		AppStore|ARM64 = AppStore|ARM64
		AppStore|iPhone = AppStore|iPhone
		AppStore|iPhoneSimulator = AppStore|iPhoneSimulator
		AppStore|x64 = AppStore|x64
		AppStore|x86 = AppStore|x86
		Debug|Any CPU = Debug|Any CPU
		Debug|ARM = Debug|ARM
		Debug|ARM64 = Debug|ARM64
		Debug|iPhone = Debug|iPhone
		Debug|iPhoneSimulator = Debug|iPhoneSimulator
		Debug|x64 = Debug|x64
		Debug|x86 = Debug|x86
		Release|Any CPU = Release|Any CPU
		Release|ARM = Release|ARM
		Release|ARM64 = Release|ARM64
		Release|iPhone = Release|iPhone
		Release|iPhoneSimulator = Release|iPhoneSimulator
		Release|x64 = Release|x64
		Release|x86 = Release|x86
	EndGlobalSection
	GlobalSection(ProjectConfigurationPlatforms) = postSolution
		{7FCE0BE1-E67E-4731-ADB4-D9C89A19F35B}.Ad-Hoc|Any CPU.ActiveCfg = Release|Any CPU
		{7FCE0BE1-E67E-4731-ADB4-D9C89A19F35B}.Ad-Hoc|Any CPU.Build.0 = Release|Any CPU
		{7FCE0BE1-E67E-4731-ADB4-D9C89A19F35B}.Ad-Hoc|ARM.ActiveCfg = Release|Any CPU
		{7FCE0BE1-E67E-4731-ADB4-D9C89A19F35B}.Ad-Hoc|ARM.Build.0 = Release|Any CPU
		{7FCE0BE1-E67E-4731-ADB4-D9C89A19F35B}.Ad-Hoc|ARM64.ActiveCfg = Release|Any CPU
		{7FCE0BE1-E67E-4731-ADB4-D9C89A19F35B}.Ad-Hoc|ARM64.Build.0 = Release|Any CPU
		{7FCE0BE1-E67E-4731-ADB4-D9C89A19F35B}.Ad-Hoc|iPhone.ActiveCfg = Release|Any CPU
		{7FCE0BE1-E67E-4731-ADB4-D9C89A19F35B}.Ad-Hoc|iPhone.Build.0 = Release|Any CPU
		{7FCE0BE1-E67E-4731-ADB4-D9C89A19F35B}.Ad-Hoc|iPhoneSimulator.ActiveCfg = Release|Any CPU
		{7FCE0BE1-E67E-4731-ADB4-D9C89A19F35B}.Ad-Hoc|iPhoneSimulator.Build.0 = Release|Any CPU
		{7FCE0BE1-E67E-4731-ADB4-D9C89A19F35B}.Ad-Hoc|x64.ActiveCfg = Release|Any CPU
		{7FCE0BE1-E67E-4731-ADB4-D9C89A19F35B}.Ad-Hoc|x64.Build.0 = Release|Any CPU
		{7FCE0BE1-E67E-4731-ADB4-D9C89A19F35B}.Ad-Hoc|x86.ActiveCfg = Release|Any CPU
		{7FCE0BE1-E67E-4731-ADB4-D9C89A19F35B}.Ad-Hoc|x86.Build.0 = Release|Any CPU
		{7FCE0BE1-E67E-4731-ADB4-D9C89A19F35B}.AppStore|Any CPU.ActiveCfg = Release|Any CPU
		{7FCE0BE1-E67E-4731-ADB4-D9C89A19F35B}.AppStore|Any CPU.Build.0 = Release|Any CPU
		{7FCE0BE1-E67E-4731-ADB4-D9C89A19F35B}.AppStore|ARM.ActiveCfg = Release|Any CPU
		{7FCE0BE1-E67E-4731-ADB4-D9C89A19F35B}.AppStore|ARM.Build.0 = Release|Any CPU
		{7FCE0BE1-E67E-4731-ADB4-D9C89A19F35B}.AppStore|ARM64.ActiveCfg = Release|Any CPU
		{7FCE0BE1-E67E-4731-ADB4-D9C89A19F35B}.AppStore|ARM64.Build.0 = Release|Any CPU
		{7FCE0BE1-E67E-4731-ADB4-D9C89A19F35B}.AppStore|iPhone.ActiveCfg = Release|Any CPU
		{7FCE0BE1-E67E-4731-ADB4-D9C89A19F35B}.AppStore|iPhone.Build.0 = Release|Any CPU
		{7FCE0BE1-E67E-4731-ADB4-D9C89A19F35B}.AppStore|iPhoneSimulator.ActiveCfg = Release|Any CPU
		{7FCE0BE1-E67E-4731-ADB4-D9C89A19F35B}.AppStore|iPhoneSimulator.Build.0 = Release|Any CPU
		{7FCE0BE1-E67E-4731-ADB4-D9C89A19F35B}.AppStore|x64.ActiveCfg = Release|Any CPU
		{7FCE0BE1-E67E-4731-ADB4-D9C89A19F35B}.AppStore|x64.Build.0 = Release|Any CPU
		{7FCE0BE1-E67E-4731-ADB4-D9C89A19F35B}.AppStore|x86.ActiveCfg = Release|Any CPU
		{7FCE0BE1-E67E-4731-ADB4-D9C89A19F35B}.AppStore|x86.Build.0 = Release|Any CPU
		{7FCE0BE1-E67E-4731-ADB4-D9C89A19F35B}.Debug|Any CPU.ActiveCfg = Debug|Any CPU
		{7FCE0BE1-E67E-4731-ADB4-D9C89A19F35B}.Debug|Any CPU.Build.0 = Debug|Any CPU
		{7FCE0BE1-E67E-4731-ADB4-D9C89A19F35B}.Debug|ARM.ActiveCfg = Debug|Any CPU
		{7FCE0BE1-E67E-4731-ADB4-D9C89A19F35B}.Debug|ARM.Build.0 = Debug|Any CPU
		{7FCE0BE1-E67E-4731-ADB4-D9C89A19F35B}.Debug|ARM64.ActiveCfg = Debug|Any CPU
		{7FCE0BE1-E67E-4731-ADB4-D9C89A19F35B}.Debug|ARM64.Build.0 = Debug|Any CPU
		{7FCE0BE1-E67E-4731-ADB4-D9C89A19F35B}.Debug|iPhone.ActiveCfg = Debug|Any CPU
		{7FCE0BE1-E67E-4731-ADB4-D9C89A19F35B}.Debug|iPhone.Build.0 = Debug|Any CPU
		{7FCE0BE1-E67E-4731-ADB4-D9C89A19F35B}.Debug|iPhoneSimulator.ActiveCfg = Debug|Any CPU
		{7FCE0BE1-E67E-4731-ADB4-D9C89A19F35B}.Debug|iPhoneSimulator.Build.0 = Debug|Any CPU
		{7FCE0BE1-E67E-4731-ADB4-D9C89A19F35B}.Debug|x64.ActiveCfg = Debug|Any CPU
		{7FCE0BE1-E67E-4731-ADB4-D9C89A19F35B}.Debug|x64.Build.0 = Debug|Any CPU
		{7FCE0BE1-E67E-4731-ADB4-D9C89A19F35B}.Debug|x86.ActiveCfg = Debug|Any CPU
		{7FCE0BE1-E67E-4731-ADB4-D9C89A19F35B}.Debug|x86.Build.0 = Debug|Any CPU
		{7FCE0BE1-E67E-4731-ADB4-D9C89A19F35B}.Release|Any CPU.ActiveCfg = Release|Any CPU
		{7FCE0BE1-E67E-4731-ADB4-D9C89A19F35B}.Release|Any CPU.Build.0 = Release|Any CPU
		{7FCE0BE1-E67E-4731-ADB4-D9C89A19F35B}.Release|ARM.ActiveCfg = Release|Any CPU
		{7FCE0BE1-E67E-4731-ADB4-D9C89A19F35B}.Release|ARM.Build.0 = Release|Any CPU
		{7FCE0BE1-E67E-4731-ADB4-D9C89A19F35B}.Release|ARM64.ActiveCfg = Release|Any CPU
		{7FCE0BE1-E67E-4731-ADB4-D9C89A19F35B}.Release|ARM64.Build.0 = Release|Any CPU
		{7FCE0BE1-E67E-4731-ADB4-D9C89A19F35B}.Release|iPhone.ActiveCfg = Release|Any CPU
		{7FCE0BE1-E67E-4731-ADB4-D9C89A19F35B}.Release|iPhone.Build.0 = Release|Any CPU
		{7FCE0BE1-E67E-4731-ADB4-D9C89A19F35B}.Release|iPhoneSimulator.ActiveCfg = Release|Any CPU
		{7FCE0BE1-E67E-4731-ADB4-D9C89A19F35B}.Release|iPhoneSimulator.Build.0 = Release|Any CPU
		{7FCE0BE1-E67E-4731-ADB4-D9C89A19F35B}.Release|x64.ActiveCfg = Release|Any CPU
		{7FCE0BE1-E67E-4731-ADB4-D9C89A19F35B}.Release|x64.Build.0 = Release|Any CPU
		{7FCE0BE1-E67E-4731-ADB4-D9C89A19F35B}.Release|x86.ActiveCfg = Release|Any CPU
		{7FCE0BE1-E67E-4731-ADB4-D9C89A19F35B}.Release|x86.Build.0 = Release|Any CPU
		{AF788E7E-FCE4-4FA5-A70C-32CF11FCC6CA}.Ad-Hoc|Any CPU.ActiveCfg = Release|Any CPU
		{AF788E7E-FCE4-4FA5-A70C-32CF11FCC6CA}.Ad-Hoc|Any CPU.Build.0 = Release|Any CPU
		{AF788E7E-FCE4-4FA5-A70C-32CF11FCC6CA}.Ad-Hoc|ARM.ActiveCfg = Release|Any CPU
		{AF788E7E-FCE4-4FA5-A70C-32CF11FCC6CA}.Ad-Hoc|ARM.Build.0 = Release|Any CPU
		{AF788E7E-FCE4-4FA5-A70C-32CF11FCC6CA}.Ad-Hoc|ARM64.ActiveCfg = Release|Any CPU
		{AF788E7E-FCE4-4FA5-A70C-32CF11FCC6CA}.Ad-Hoc|ARM64.Build.0 = Release|Any CPU
		{AF788E7E-FCE4-4FA5-A70C-32CF11FCC6CA}.Ad-Hoc|iPhone.ActiveCfg = Release|Any CPU
		{AF788E7E-FCE4-4FA5-A70C-32CF11FCC6CA}.Ad-Hoc|iPhone.Build.0 = Release|Any CPU
		{AF788E7E-FCE4-4FA5-A70C-32CF11FCC6CA}.Ad-Hoc|iPhoneSimulator.ActiveCfg = Release|Any CPU
		{AF788E7E-FCE4-4FA5-A70C-32CF11FCC6CA}.Ad-Hoc|iPhoneSimulator.Build.0 = Release|Any CPU
		{AF788E7E-FCE4-4FA5-A70C-32CF11FCC6CA}.Ad-Hoc|x64.ActiveCfg = Release|Any CPU
		{AF788E7E-FCE4-4FA5-A70C-32CF11FCC6CA}.Ad-Hoc|x64.Build.0 = Release|Any CPU
		{AF788E7E-FCE4-4FA5-A70C-32CF11FCC6CA}.Ad-Hoc|x86.ActiveCfg = Release|Any CPU
		{AF788E7E-FCE4-4FA5-A70C-32CF11FCC6CA}.Ad-Hoc|x86.Build.0 = Release|Any CPU
		{AF788E7E-FCE4-4FA5-A70C-32CF11FCC6CA}.AppStore|Any CPU.ActiveCfg = Release|Any CPU
		{AF788E7E-FCE4-4FA5-A70C-32CF11FCC6CA}.AppStore|Any CPU.Build.0 = Release|Any CPU
		{AF788E7E-FCE4-4FA5-A70C-32CF11FCC6CA}.AppStore|ARM.ActiveCfg = Release|Any CPU
		{AF788E7E-FCE4-4FA5-A70C-32CF11FCC6CA}.AppStore|ARM.Build.0 = Release|Any CPU
		{AF788E7E-FCE4-4FA5-A70C-32CF11FCC6CA}.AppStore|ARM64.ActiveCfg = Release|Any CPU
		{AF788E7E-FCE4-4FA5-A70C-32CF11FCC6CA}.AppStore|ARM64.Build.0 = Release|Any CPU
		{AF788E7E-FCE4-4FA5-A70C-32CF11FCC6CA}.AppStore|iPhone.ActiveCfg = Release|Any CPU
		{AF788E7E-FCE4-4FA5-A70C-32CF11FCC6CA}.AppStore|iPhone.Build.0 = Release|Any CPU
		{AF788E7E-FCE4-4FA5-A70C-32CF11FCC6CA}.AppStore|iPhoneSimulator.ActiveCfg = Release|Any CPU
		{AF788E7E-FCE4-4FA5-A70C-32CF11FCC6CA}.AppStore|iPhoneSimulator.Build.0 = Release|Any CPU
		{AF788E7E-FCE4-4FA5-A70C-32CF11FCC6CA}.AppStore|x64.ActiveCfg = Release|Any CPU
		{AF788E7E-FCE4-4FA5-A70C-32CF11FCC6CA}.AppStore|x64.Build.0 = Release|Any CPU
		{AF788E7E-FCE4-4FA5-A70C-32CF11FCC6CA}.AppStore|x86.ActiveCfg = Release|Any CPU
		{AF788E7E-FCE4-4FA5-A70C-32CF11FCC6CA}.AppStore|x86.Build.0 = Release|Any CPU
		{AF788E7E-FCE4-4FA5-A70C-32CF11FCC6CA}.Debug|Any CPU.ActiveCfg = Debug|Any CPU
		{AF788E7E-FCE4-4FA5-A70C-32CF11FCC6CA}.Debug|Any CPU.Build.0 = Debug|Any CPU
		{AF788E7E-FCE4-4FA5-A70C-32CF11FCC6CA}.Debug|ARM.ActiveCfg = Debug|Any CPU
		{AF788E7E-FCE4-4FA5-A70C-32CF11FCC6CA}.Debug|ARM.Build.0 = Debug|Any CPU
		{AF788E7E-FCE4-4FA5-A70C-32CF11FCC6CA}.Debug|ARM64.ActiveCfg = Debug|Any CPU
		{AF788E7E-FCE4-4FA5-A70C-32CF11FCC6CA}.Debug|ARM64.Build.0 = Debug|Any CPU
		{AF788E7E-FCE4-4FA5-A70C-32CF11FCC6CA}.Debug|iPhone.ActiveCfg = Debug|Any CPU
		{AF788E7E-FCE4-4FA5-A70C-32CF11FCC6CA}.Debug|iPhone.Build.0 = Debug|Any CPU
		{AF788E7E-FCE4-4FA5-A70C-32CF11FCC6CA}.Debug|iPhoneSimulator.ActiveCfg = Debug|Any CPU
		{AF788E7E-FCE4-4FA5-A70C-32CF11FCC6CA}.Debug|iPhoneSimulator.Build.0 = Debug|Any CPU
		{AF788E7E-FCE4-4FA5-A70C-32CF11FCC6CA}.Debug|x64.ActiveCfg = Debug|Any CPU
		{AF788E7E-FCE4-4FA5-A70C-32CF11FCC6CA}.Debug|x64.Build.0 = Debug|Any CPU
		{AF788E7E-FCE4-4FA5-A70C-32CF11FCC6CA}.Debug|x86.ActiveCfg = Debug|Any CPU
		{AF788E7E-FCE4-4FA5-A70C-32CF11FCC6CA}.Debug|x86.Build.0 = Debug|Any CPU
		{AF788E7E-FCE4-4FA5-A70C-32CF11FCC6CA}.Release|Any CPU.ActiveCfg = Release|Any CPU
		{AF788E7E-FCE4-4FA5-A70C-32CF11FCC6CA}.Release|Any CPU.Build.0 = Release|Any CPU
		{AF788E7E-FCE4-4FA5-A70C-32CF11FCC6CA}.Release|ARM.ActiveCfg = Release|Any CPU
		{AF788E7E-FCE4-4FA5-A70C-32CF11FCC6CA}.Release|ARM.Build.0 = Release|Any CPU
		{AF788E7E-FCE4-4FA5-A70C-32CF11FCC6CA}.Release|ARM64.ActiveCfg = Release|Any CPU
		{AF788E7E-FCE4-4FA5-A70C-32CF11FCC6CA}.Release|ARM64.Build.0 = Release|Any CPU
		{AF788E7E-FCE4-4FA5-A70C-32CF11FCC6CA}.Release|iPhone.ActiveCfg = Release|Any CPU
		{AF788E7E-FCE4-4FA5-A70C-32CF11FCC6CA}.Release|iPhone.Build.0 = Release|Any CPU
		{AF788E7E-FCE4-4FA5-A70C-32CF11FCC6CA}.Release|iPhoneSimulator.ActiveCfg = Release|Any CPU
		{AF788E7E-FCE4-4FA5-A70C-32CF11FCC6CA}.Release|iPhoneSimulator.Build.0 = Release|Any CPU
		{AF788E7E-FCE4-4FA5-A70C-32CF11FCC6CA}.Release|x64.ActiveCfg = Release|Any CPU
		{AF788E7E-FCE4-4FA5-A70C-32CF11FCC6CA}.Release|x64.Build.0 = Release|Any CPU
		{AF788E7E-FCE4-4FA5-A70C-32CF11FCC6CA}.Release|x86.ActiveCfg = Release|Any CPU
		{AF788E7E-FCE4-4FA5-A70C-32CF11FCC6CA}.Release|x86.Build.0 = Release|Any CPU
		{825001A4-F122-412C-80D2-06E37B05BDF3}.Ad-Hoc|Any CPU.ActiveCfg = Release|Any CPU
		{825001A4-F122-412C-80D2-06E37B05BDF3}.Ad-Hoc|Any CPU.Build.0 = Release|Any CPU
		{825001A4-F122-412C-80D2-06E37B05BDF3}.Ad-Hoc|Any CPU.Deploy.0 = Release|Any CPU
		{825001A4-F122-412C-80D2-06E37B05BDF3}.Ad-Hoc|ARM.ActiveCfg = Release|Any CPU
		{825001A4-F122-412C-80D2-06E37B05BDF3}.Ad-Hoc|ARM.Build.0 = Release|Any CPU
		{825001A4-F122-412C-80D2-06E37B05BDF3}.Ad-Hoc|ARM.Deploy.0 = Release|Any CPU
		{825001A4-F122-412C-80D2-06E37B05BDF3}.Ad-Hoc|ARM64.ActiveCfg = Release|Any CPU
		{825001A4-F122-412C-80D2-06E37B05BDF3}.Ad-Hoc|ARM64.Build.0 = Release|Any CPU
		{825001A4-F122-412C-80D2-06E37B05BDF3}.Ad-Hoc|ARM64.Deploy.0 = Release|Any CPU
		{825001A4-F122-412C-80D2-06E37B05BDF3}.Ad-Hoc|iPhone.ActiveCfg = Release|Any CPU
		{825001A4-F122-412C-80D2-06E37B05BDF3}.Ad-Hoc|iPhone.Build.0 = Release|Any CPU
		{825001A4-F122-412C-80D2-06E37B05BDF3}.Ad-Hoc|iPhone.Deploy.0 = Release|Any CPU
		{825001A4-F122-412C-80D2-06E37B05BDF3}.Ad-Hoc|iPhoneSimulator.ActiveCfg = Release|Any CPU
		{825001A4-F122-412C-80D2-06E37B05BDF3}.Ad-Hoc|iPhoneSimulator.Build.0 = Release|Any CPU
		{825001A4-F122-412C-80D2-06E37B05BDF3}.Ad-Hoc|iPhoneSimulator.Deploy.0 = Release|Any CPU
		{825001A4-F122-412C-80D2-06E37B05BDF3}.Ad-Hoc|x64.ActiveCfg = Release|Any CPU
		{825001A4-F122-412C-80D2-06E37B05BDF3}.Ad-Hoc|x64.Build.0 = Release|Any CPU
		{825001A4-F122-412C-80D2-06E37B05BDF3}.Ad-Hoc|x64.Deploy.0 = Release|Any CPU
		{825001A4-F122-412C-80D2-06E37B05BDF3}.Ad-Hoc|x86.ActiveCfg = Release|Any CPU
		{825001A4-F122-412C-80D2-06E37B05BDF3}.Ad-Hoc|x86.Build.0 = Release|Any CPU
		{825001A4-F122-412C-80D2-06E37B05BDF3}.Ad-Hoc|x86.Deploy.0 = Release|Any CPU
		{825001A4-F122-412C-80D2-06E37B05BDF3}.AppStore|Any CPU.ActiveCfg = Release|Any CPU
		{825001A4-F122-412C-80D2-06E37B05BDF3}.AppStore|Any CPU.Build.0 = Release|Any CPU
		{825001A4-F122-412C-80D2-06E37B05BDF3}.AppStore|Any CPU.Deploy.0 = Release|Any CPU
		{825001A4-F122-412C-80D2-06E37B05BDF3}.AppStore|ARM.ActiveCfg = Release|Any CPU
		{825001A4-F122-412C-80D2-06E37B05BDF3}.AppStore|ARM.Build.0 = Release|Any CPU
		{825001A4-F122-412C-80D2-06E37B05BDF3}.AppStore|ARM.Deploy.0 = Release|Any CPU
		{825001A4-F122-412C-80D2-06E37B05BDF3}.AppStore|ARM64.ActiveCfg = Release|Any CPU
		{825001A4-F122-412C-80D2-06E37B05BDF3}.AppStore|ARM64.Build.0 = Release|Any CPU
		{825001A4-F122-412C-80D2-06E37B05BDF3}.AppStore|ARM64.Deploy.0 = Release|Any CPU
		{825001A4-F122-412C-80D2-06E37B05BDF3}.AppStore|iPhone.ActiveCfg = Release|Any CPU
		{825001A4-F122-412C-80D2-06E37B05BDF3}.AppStore|iPhone.Build.0 = Release|Any CPU
		{825001A4-F122-412C-80D2-06E37B05BDF3}.AppStore|iPhone.Deploy.0 = Release|Any CPU
		{825001A4-F122-412C-80D2-06E37B05BDF3}.AppStore|iPhoneSimulator.ActiveCfg = Release|Any CPU
		{825001A4-F122-412C-80D2-06E37B05BDF3}.AppStore|iPhoneSimulator.Build.0 = Release|Any CPU
		{825001A4-F122-412C-80D2-06E37B05BDF3}.AppStore|iPhoneSimulator.Deploy.0 = Release|Any CPU
		{825001A4-F122-412C-80D2-06E37B05BDF3}.AppStore|x64.ActiveCfg = Release|Any CPU
		{825001A4-F122-412C-80D2-06E37B05BDF3}.AppStore|x64.Build.0 = Release|Any CPU
		{825001A4-F122-412C-80D2-06E37B05BDF3}.AppStore|x64.Deploy.0 = Release|Any CPU
		{825001A4-F122-412C-80D2-06E37B05BDF3}.AppStore|x86.ActiveCfg = Release|Any CPU
		{825001A4-F122-412C-80D2-06E37B05BDF3}.AppStore|x86.Build.0 = Release|Any CPU
		{825001A4-F122-412C-80D2-06E37B05BDF3}.AppStore|x86.Deploy.0 = Release|Any CPU
		{825001A4-F122-412C-80D2-06E37B05BDF3}.Debug|Any CPU.ActiveCfg = Debug|Any CPU
		{825001A4-F122-412C-80D2-06E37B05BDF3}.Debug|Any CPU.Build.0 = Debug|Any CPU
		{825001A4-F122-412C-80D2-06E37B05BDF3}.Debug|Any CPU.Deploy.0 = Debug|Any CPU
		{825001A4-F122-412C-80D2-06E37B05BDF3}.Debug|ARM.ActiveCfg = Debug|Any CPU
		{825001A4-F122-412C-80D2-06E37B05BDF3}.Debug|ARM.Build.0 = Debug|Any CPU
		{825001A4-F122-412C-80D2-06E37B05BDF3}.Debug|ARM.Deploy.0 = Debug|Any CPU
		{825001A4-F122-412C-80D2-06E37B05BDF3}.Debug|ARM64.ActiveCfg = Debug|Any CPU
		{825001A4-F122-412C-80D2-06E37B05BDF3}.Debug|ARM64.Build.0 = Debug|Any CPU
		{825001A4-F122-412C-80D2-06E37B05BDF3}.Debug|ARM64.Deploy.0 = Debug|Any CPU
		{825001A4-F122-412C-80D2-06E37B05BDF3}.Debug|iPhone.ActiveCfg = Debug|Any CPU
		{825001A4-F122-412C-80D2-06E37B05BDF3}.Debug|iPhone.Build.0 = Debug|Any CPU
		{825001A4-F122-412C-80D2-06E37B05BDF3}.Debug|iPhone.Deploy.0 = Debug|Any CPU
		{825001A4-F122-412C-80D2-06E37B05BDF3}.Debug|iPhoneSimulator.ActiveCfg = Debug|Any CPU
		{825001A4-F122-412C-80D2-06E37B05BDF3}.Debug|iPhoneSimulator.Build.0 = Debug|Any CPU
		{825001A4-F122-412C-80D2-06E37B05BDF3}.Debug|iPhoneSimulator.Deploy.0 = Debug|Any CPU
		{825001A4-F122-412C-80D2-06E37B05BDF3}.Debug|x64.ActiveCfg = Debug|Any CPU
		{825001A4-F122-412C-80D2-06E37B05BDF3}.Debug|x64.Build.0 = Debug|Any CPU
		{825001A4-F122-412C-80D2-06E37B05BDF3}.Debug|x64.Deploy.0 = Debug|Any CPU
		{825001A4-F122-412C-80D2-06E37B05BDF3}.Debug|x86.ActiveCfg = Debug|Any CPU
		{825001A4-F122-412C-80D2-06E37B05BDF3}.Debug|x86.Build.0 = Debug|Any CPU
		{825001A4-F122-412C-80D2-06E37B05BDF3}.Debug|x86.Deploy.0 = Debug|Any CPU
		{825001A4-F122-412C-80D2-06E37B05BDF3}.Release|Any CPU.ActiveCfg = Release|Any CPU
		{825001A4-F122-412C-80D2-06E37B05BDF3}.Release|Any CPU.Build.0 = Release|Any CPU
		{825001A4-F122-412C-80D2-06E37B05BDF3}.Release|Any CPU.Deploy.0 = Release|Any CPU
		{825001A4-F122-412C-80D2-06E37B05BDF3}.Release|ARM.ActiveCfg = Release|Any CPU
		{825001A4-F122-412C-80D2-06E37B05BDF3}.Release|ARM.Build.0 = Release|Any CPU
		{825001A4-F122-412C-80D2-06E37B05BDF3}.Release|ARM.Deploy.0 = Release|Any CPU
		{825001A4-F122-412C-80D2-06E37B05BDF3}.Release|ARM64.ActiveCfg = Release|Any CPU
		{825001A4-F122-412C-80D2-06E37B05BDF3}.Release|ARM64.Build.0 = Release|Any CPU
		{825001A4-F122-412C-80D2-06E37B05BDF3}.Release|ARM64.Deploy.0 = Release|Any CPU
		{825001A4-F122-412C-80D2-06E37B05BDF3}.Release|iPhone.ActiveCfg = Release|Any CPU
		{825001A4-F122-412C-80D2-06E37B05BDF3}.Release|iPhone.Build.0 = Release|Any CPU
		{825001A4-F122-412C-80D2-06E37B05BDF3}.Release|iPhone.Deploy.0 = Release|Any CPU
		{825001A4-F122-412C-80D2-06E37B05BDF3}.Release|iPhoneSimulator.ActiveCfg = Release|Any CPU
		{825001A4-F122-412C-80D2-06E37B05BDF3}.Release|iPhoneSimulator.Build.0 = Release|Any CPU
		{825001A4-F122-412C-80D2-06E37B05BDF3}.Release|iPhoneSimulator.Deploy.0 = Release|Any CPU
		{825001A4-F122-412C-80D2-06E37B05BDF3}.Release|x64.ActiveCfg = Release|Any CPU
		{825001A4-F122-412C-80D2-06E37B05BDF3}.Release|x64.Build.0 = Release|Any CPU
		{825001A4-F122-412C-80D2-06E37B05BDF3}.Release|x64.Deploy.0 = Release|Any CPU
		{825001A4-F122-412C-80D2-06E37B05BDF3}.Release|x86.ActiveCfg = Release|Any CPU
		{825001A4-F122-412C-80D2-06E37B05BDF3}.Release|x86.Build.0 = Release|Any CPU
		{825001A4-F122-412C-80D2-06E37B05BDF3}.Release|x86.Deploy.0 = Release|Any CPU
		{E0605895-B99E-4331-BB52-ECE4E673B41C}.Ad-Hoc|Any CPU.ActiveCfg = Ad-Hoc|iPhone
		{E0605895-B99E-4331-BB52-ECE4E673B41C}.Ad-Hoc|ARM.ActiveCfg = Ad-Hoc|iPhone
		{E0605895-B99E-4331-BB52-ECE4E673B41C}.Ad-Hoc|ARM64.ActiveCfg = Ad-Hoc|iPhone
		{E0605895-B99E-4331-BB52-ECE4E673B41C}.Ad-Hoc|iPhone.ActiveCfg = Ad-Hoc|iPhone
		{E0605895-B99E-4331-BB52-ECE4E673B41C}.Ad-Hoc|iPhone.Build.0 = Ad-Hoc|iPhone
		{E0605895-B99E-4331-BB52-ECE4E673B41C}.Ad-Hoc|iPhoneSimulator.ActiveCfg = Ad-Hoc|iPhoneSimulator
		{E0605895-B99E-4331-BB52-ECE4E673B41C}.Ad-Hoc|iPhoneSimulator.Build.0 = Ad-Hoc|iPhoneSimulator
		{E0605895-B99E-4331-BB52-ECE4E673B41C}.Ad-Hoc|x64.ActiveCfg = Ad-Hoc|iPhone
		{E0605895-B99E-4331-BB52-ECE4E673B41C}.Ad-Hoc|x86.ActiveCfg = Ad-Hoc|iPhone
		{E0605895-B99E-4331-BB52-ECE4E673B41C}.AppStore|Any CPU.ActiveCfg = AppStore|iPhone
		{E0605895-B99E-4331-BB52-ECE4E673B41C}.AppStore|ARM.ActiveCfg = AppStore|iPhone
		{E0605895-B99E-4331-BB52-ECE4E673B41C}.AppStore|ARM64.ActiveCfg = AppStore|iPhone
		{E0605895-B99E-4331-BB52-ECE4E673B41C}.AppStore|iPhone.ActiveCfg = AppStore|iPhone
		{E0605895-B99E-4331-BB52-ECE4E673B41C}.AppStore|iPhone.Build.0 = AppStore|iPhone
		{E0605895-B99E-4331-BB52-ECE4E673B41C}.AppStore|iPhoneSimulator.ActiveCfg = AppStore|iPhoneSimulator
		{E0605895-B99E-4331-BB52-ECE4E673B41C}.AppStore|iPhoneSimulator.Build.0 = AppStore|iPhoneSimulator
		{E0605895-B99E-4331-BB52-ECE4E673B41C}.AppStore|x64.ActiveCfg = AppStore|iPhone
		{E0605895-B99E-4331-BB52-ECE4E673B41C}.AppStore|x86.ActiveCfg = AppStore|iPhone
		{E0605895-B99E-4331-BB52-ECE4E673B41C}.Debug|Any CPU.ActiveCfg = Debug|iPhone
		{E0605895-B99E-4331-BB52-ECE4E673B41C}.Debug|ARM.ActiveCfg = Debug|iPhone
		{E0605895-B99E-4331-BB52-ECE4E673B41C}.Debug|ARM64.ActiveCfg = Debug|iPhone
		{E0605895-B99E-4331-BB52-ECE4E673B41C}.Debug|iPhone.ActiveCfg = Debug|iPhone
		{E0605895-B99E-4331-BB52-ECE4E673B41C}.Debug|iPhone.Build.0 = Debug|iPhone
		{E0605895-B99E-4331-BB52-ECE4E673B41C}.Debug|iPhoneSimulator.ActiveCfg = Debug|iPhoneSimulator
		{E0605895-B99E-4331-BB52-ECE4E673B41C}.Debug|iPhoneSimulator.Build.0 = Debug|iPhoneSimulator
		{E0605895-B99E-4331-BB52-ECE4E673B41C}.Debug|x64.ActiveCfg = Debug|iPhone
		{E0605895-B99E-4331-BB52-ECE4E673B41C}.Debug|x86.ActiveCfg = Debug|iPhone
		{E0605895-B99E-4331-BB52-ECE4E673B41C}.Release|Any CPU.ActiveCfg = Release|iPhone
		{E0605895-B99E-4331-BB52-ECE4E673B41C}.Release|ARM.ActiveCfg = Release|iPhone
		{E0605895-B99E-4331-BB52-ECE4E673B41C}.Release|ARM64.ActiveCfg = Release|iPhone
		{E0605895-B99E-4331-BB52-ECE4E673B41C}.Release|iPhone.ActiveCfg = Release|iPhone
		{E0605895-B99E-4331-BB52-ECE4E673B41C}.Release|iPhone.Build.0 = Release|iPhone
		{E0605895-B99E-4331-BB52-ECE4E673B41C}.Release|iPhoneSimulator.ActiveCfg = Release|iPhoneSimulator
		{E0605895-B99E-4331-BB52-ECE4E673B41C}.Release|iPhoneSimulator.Build.0 = Release|iPhoneSimulator
		{E0605895-B99E-4331-BB52-ECE4E673B41C}.Release|x64.ActiveCfg = Release|iPhone
		{E0605895-B99E-4331-BB52-ECE4E673B41C}.Release|x86.ActiveCfg = Release|iPhone
		{58476F3E-670E-4966-AB3D-B1DBFB3AC567}.Ad-Hoc|Any CPU.ActiveCfg = Release|x64
		{58476F3E-670E-4966-AB3D-B1DBFB3AC567}.Ad-Hoc|Any CPU.Build.0 = Release|x64
		{58476F3E-670E-4966-AB3D-B1DBFB3AC567}.Ad-Hoc|Any CPU.Deploy.0 = Release|x64
		{58476F3E-670E-4966-AB3D-B1DBFB3AC567}.Ad-Hoc|ARM.ActiveCfg = Release|ARM
		{58476F3E-670E-4966-AB3D-B1DBFB3AC567}.Ad-Hoc|ARM.Build.0 = Release|ARM
		{58476F3E-670E-4966-AB3D-B1DBFB3AC567}.Ad-Hoc|ARM.Deploy.0 = Release|ARM
		{58476F3E-670E-4966-AB3D-B1DBFB3AC567}.Ad-Hoc|ARM64.ActiveCfg = Release|ARM64
		{58476F3E-670E-4966-AB3D-B1DBFB3AC567}.Ad-Hoc|ARM64.Build.0 = Release|ARM64
		{58476F3E-670E-4966-AB3D-B1DBFB3AC567}.Ad-Hoc|ARM64.Deploy.0 = Release|ARM64
		{58476F3E-670E-4966-AB3D-B1DBFB3AC567}.Ad-Hoc|iPhone.ActiveCfg = Release|x64
		{58476F3E-670E-4966-AB3D-B1DBFB3AC567}.Ad-Hoc|iPhone.Build.0 = Release|x64
		{58476F3E-670E-4966-AB3D-B1DBFB3AC567}.Ad-Hoc|iPhone.Deploy.0 = Release|x64
		{58476F3E-670E-4966-AB3D-B1DBFB3AC567}.Ad-Hoc|iPhoneSimulator.ActiveCfg = Release|x64
		{58476F3E-670E-4966-AB3D-B1DBFB3AC567}.Ad-Hoc|iPhoneSimulator.Build.0 = Release|x64
		{58476F3E-670E-4966-AB3D-B1DBFB3AC567}.Ad-Hoc|iPhoneSimulator.Deploy.0 = Release|x64
		{58476F3E-670E-4966-AB3D-B1DBFB3AC567}.Ad-Hoc|x64.ActiveCfg = Release|x64
		{58476F3E-670E-4966-AB3D-B1DBFB3AC567}.Ad-Hoc|x64.Build.0 = Release|x64
		{58476F3E-670E-4966-AB3D-B1DBFB3AC567}.Ad-Hoc|x64.Deploy.0 = Release|x64
		{58476F3E-670E-4966-AB3D-B1DBFB3AC567}.Ad-Hoc|x86.ActiveCfg = Release|x86
		{58476F3E-670E-4966-AB3D-B1DBFB3AC567}.Ad-Hoc|x86.Build.0 = Release|x86
		{58476F3E-670E-4966-AB3D-B1DBFB3AC567}.Ad-Hoc|x86.Deploy.0 = Release|x86
		{58476F3E-670E-4966-AB3D-B1DBFB3AC567}.AppStore|Any CPU.ActiveCfg = Release|x64
		{58476F3E-670E-4966-AB3D-B1DBFB3AC567}.AppStore|Any CPU.Build.0 = Release|x64
		{58476F3E-670E-4966-AB3D-B1DBFB3AC567}.AppStore|Any CPU.Deploy.0 = Release|x64
		{58476F3E-670E-4966-AB3D-B1DBFB3AC567}.AppStore|ARM.ActiveCfg = Release|ARM
		{58476F3E-670E-4966-AB3D-B1DBFB3AC567}.AppStore|ARM.Build.0 = Release|ARM
		{58476F3E-670E-4966-AB3D-B1DBFB3AC567}.AppStore|ARM.Deploy.0 = Release|ARM
		{58476F3E-670E-4966-AB3D-B1DBFB3AC567}.AppStore|ARM64.ActiveCfg = Release|ARM64
		{58476F3E-670E-4966-AB3D-B1DBFB3AC567}.AppStore|ARM64.Build.0 = Release|ARM64
		{58476F3E-670E-4966-AB3D-B1DBFB3AC567}.AppStore|ARM64.Deploy.0 = Release|ARM64
		{58476F3E-670E-4966-AB3D-B1DBFB3AC567}.AppStore|iPhone.ActiveCfg = Release|x64
		{58476F3E-670E-4966-AB3D-B1DBFB3AC567}.AppStore|iPhone.Build.0 = Release|x64
		{58476F3E-670E-4966-AB3D-B1DBFB3AC567}.AppStore|iPhone.Deploy.0 = Release|x64
		{58476F3E-670E-4966-AB3D-B1DBFB3AC567}.AppStore|iPhoneSimulator.ActiveCfg = Release|x64
		{58476F3E-670E-4966-AB3D-B1DBFB3AC567}.AppStore|iPhoneSimulator.Build.0 = Release|x64
		{58476F3E-670E-4966-AB3D-B1DBFB3AC567}.AppStore|iPhoneSimulator.Deploy.0 = Release|x64
		{58476F3E-670E-4966-AB3D-B1DBFB3AC567}.AppStore|x64.ActiveCfg = Release|x64
		{58476F3E-670E-4966-AB3D-B1DBFB3AC567}.AppStore|x64.Build.0 = Release|x64
		{58476F3E-670E-4966-AB3D-B1DBFB3AC567}.AppStore|x64.Deploy.0 = Release|x64
		{58476F3E-670E-4966-AB3D-B1DBFB3AC567}.AppStore|x86.ActiveCfg = Release|x86
		{58476F3E-670E-4966-AB3D-B1DBFB3AC567}.AppStore|x86.Build.0 = Release|x86
		{58476F3E-670E-4966-AB3D-B1DBFB3AC567}.AppStore|x86.Deploy.0 = Release|x86
		{58476F3E-670E-4966-AB3D-B1DBFB3AC567}.Debug|Any CPU.ActiveCfg = Debug|x86
		{58476F3E-670E-4966-AB3D-B1DBFB3AC567}.Debug|ARM.ActiveCfg = Debug|ARM
		{58476F3E-670E-4966-AB3D-B1DBFB3AC567}.Debug|ARM.Build.0 = Debug|ARM
		{58476F3E-670E-4966-AB3D-B1DBFB3AC567}.Debug|ARM.Deploy.0 = Debug|ARM
		{58476F3E-670E-4966-AB3D-B1DBFB3AC567}.Debug|ARM64.ActiveCfg = Debug|ARM64
		{58476F3E-670E-4966-AB3D-B1DBFB3AC567}.Debug|ARM64.Build.0 = Debug|ARM64
		{58476F3E-670E-4966-AB3D-B1DBFB3AC567}.Debug|ARM64.Deploy.0 = Debug|ARM64
		{58476F3E-670E-4966-AB3D-B1DBFB3AC567}.Debug|iPhone.ActiveCfg = Debug|x86
		{58476F3E-670E-4966-AB3D-B1DBFB3AC567}.Debug|iPhoneSimulator.ActiveCfg = Debug|x86
		{58476F3E-670E-4966-AB3D-B1DBFB3AC567}.Debug|x64.ActiveCfg = Debug|x64
		{58476F3E-670E-4966-AB3D-B1DBFB3AC567}.Debug|x64.Build.0 = Debug|x64
		{58476F3E-670E-4966-AB3D-B1DBFB3AC567}.Debug|x64.Deploy.0 = Debug|x64
		{58476F3E-670E-4966-AB3D-B1DBFB3AC567}.Debug|x86.ActiveCfg = Debug|x86
		{58476F3E-670E-4966-AB3D-B1DBFB3AC567}.Debug|x86.Build.0 = Debug|x86
		{58476F3E-670E-4966-AB3D-B1DBFB3AC567}.Debug|x86.Deploy.0 = Debug|x86
		{58476F3E-670E-4966-AB3D-B1DBFB3AC567}.Release|Any CPU.ActiveCfg = Release|x86
		{58476F3E-670E-4966-AB3D-B1DBFB3AC567}.Release|ARM.ActiveCfg = Release|ARM
		{58476F3E-670E-4966-AB3D-B1DBFB3AC567}.Release|ARM.Build.0 = Release|ARM
		{58476F3E-670E-4966-AB3D-B1DBFB3AC567}.Release|ARM.Deploy.0 = Release|ARM
		{58476F3E-670E-4966-AB3D-B1DBFB3AC567}.Release|ARM64.ActiveCfg = Release|ARM64
		{58476F3E-670E-4966-AB3D-B1DBFB3AC567}.Release|ARM64.Build.0 = Release|ARM64
		{58476F3E-670E-4966-AB3D-B1DBFB3AC567}.Release|ARM64.Deploy.0 = Release|ARM64
		{58476F3E-670E-4966-AB3D-B1DBFB3AC567}.Release|iPhone.ActiveCfg = Release|x86
		{58476F3E-670E-4966-AB3D-B1DBFB3AC567}.Release|iPhoneSimulator.ActiveCfg = Release|x86
		{58476F3E-670E-4966-AB3D-B1DBFB3AC567}.Release|x64.ActiveCfg = Release|x64
		{58476F3E-670E-4966-AB3D-B1DBFB3AC567}.Release|x64.Build.0 = Release|x64
		{58476F3E-670E-4966-AB3D-B1DBFB3AC567}.Release|x64.Deploy.0 = Release|x64
		{58476F3E-670E-4966-AB3D-B1DBFB3AC567}.Release|x86.ActiveCfg = Release|x86
		{58476F3E-670E-4966-AB3D-B1DBFB3AC567}.Release|x86.Build.0 = Release|x86
		{58476F3E-670E-4966-AB3D-B1DBFB3AC567}.Release|x86.Deploy.0 = Release|x86
		{1FBF2EDE-B107-4404-8DF3-67506D9B0EEC}.Ad-Hoc|Any CPU.ActiveCfg = Debug|Any CPU
		{1FBF2EDE-B107-4404-8DF3-67506D9B0EEC}.Ad-Hoc|Any CPU.Build.0 = Debug|Any CPU
		{1FBF2EDE-B107-4404-8DF3-67506D9B0EEC}.Ad-Hoc|ARM.ActiveCfg = Debug|Any CPU
		{1FBF2EDE-B107-4404-8DF3-67506D9B0EEC}.Ad-Hoc|ARM.Build.0 = Debug|Any CPU
		{1FBF2EDE-B107-4404-8DF3-67506D9B0EEC}.Ad-Hoc|ARM64.ActiveCfg = Debug|Any CPU
		{1FBF2EDE-B107-4404-8DF3-67506D9B0EEC}.Ad-Hoc|ARM64.Build.0 = Debug|Any CPU
		{1FBF2EDE-B107-4404-8DF3-67506D9B0EEC}.Ad-Hoc|iPhone.ActiveCfg = Debug|Any CPU
		{1FBF2EDE-B107-4404-8DF3-67506D9B0EEC}.Ad-Hoc|iPhone.Build.0 = Debug|Any CPU
		{1FBF2EDE-B107-4404-8DF3-67506D9B0EEC}.Ad-Hoc|iPhoneSimulator.ActiveCfg = Debug|Any CPU
		{1FBF2EDE-B107-4404-8DF3-67506D9B0EEC}.Ad-Hoc|iPhoneSimulator.Build.0 = Debug|Any CPU
		{1FBF2EDE-B107-4404-8DF3-67506D9B0EEC}.Ad-Hoc|x64.ActiveCfg = Debug|Any CPU
		{1FBF2EDE-B107-4404-8DF3-67506D9B0EEC}.Ad-Hoc|x64.Build.0 = Debug|Any CPU
		{1FBF2EDE-B107-4404-8DF3-67506D9B0EEC}.Ad-Hoc|x86.ActiveCfg = Debug|Any CPU
		{1FBF2EDE-B107-4404-8DF3-67506D9B0EEC}.Ad-Hoc|x86.Build.0 = Debug|Any CPU
		{1FBF2EDE-B107-4404-8DF3-67506D9B0EEC}.AppStore|Any CPU.ActiveCfg = Debug|Any CPU
		{1FBF2EDE-B107-4404-8DF3-67506D9B0EEC}.AppStore|Any CPU.Build.0 = Debug|Any CPU
		{1FBF2EDE-B107-4404-8DF3-67506D9B0EEC}.AppStore|ARM.ActiveCfg = Debug|Any CPU
		{1FBF2EDE-B107-4404-8DF3-67506D9B0EEC}.AppStore|ARM.Build.0 = Debug|Any CPU
		{1FBF2EDE-B107-4404-8DF3-67506D9B0EEC}.AppStore|ARM64.ActiveCfg = Debug|Any CPU
		{1FBF2EDE-B107-4404-8DF3-67506D9B0EEC}.AppStore|ARM64.Build.0 = Debug|Any CPU
		{1FBF2EDE-B107-4404-8DF3-67506D9B0EEC}.AppStore|iPhone.ActiveCfg = Debug|Any CPU
		{1FBF2EDE-B107-4404-8DF3-67506D9B0EEC}.AppStore|iPhone.Build.0 = Debug|Any CPU
		{1FBF2EDE-B107-4404-8DF3-67506D9B0EEC}.AppStore|iPhoneSimulator.ActiveCfg = Debug|Any CPU
		{1FBF2EDE-B107-4404-8DF3-67506D9B0EEC}.AppStore|iPhoneSimulator.Build.0 = Debug|Any CPU
		{1FBF2EDE-B107-4404-8DF3-67506D9B0EEC}.AppStore|x64.ActiveCfg = Debug|Any CPU
		{1FBF2EDE-B107-4404-8DF3-67506D9B0EEC}.AppStore|x64.Build.0 = Debug|Any CPU
		{1FBF2EDE-B107-4404-8DF3-67506D9B0EEC}.AppStore|x86.ActiveCfg = Debug|Any CPU
		{1FBF2EDE-B107-4404-8DF3-67506D9B0EEC}.AppStore|x86.Build.0 = Debug|Any CPU
		{1FBF2EDE-B107-4404-8DF3-67506D9B0EEC}.Debug|Any CPU.ActiveCfg = Debug|Any CPU
		{1FBF2EDE-B107-4404-8DF3-67506D9B0EEC}.Debug|Any CPU.Build.0 = Debug|Any CPU
		{1FBF2EDE-B107-4404-8DF3-67506D9B0EEC}.Debug|ARM.ActiveCfg = Debug|Any CPU
		{1FBF2EDE-B107-4404-8DF3-67506D9B0EEC}.Debug|ARM.Build.0 = Debug|Any CPU
		{1FBF2EDE-B107-4404-8DF3-67506D9B0EEC}.Debug|ARM64.ActiveCfg = Debug|Any CPU
		{1FBF2EDE-B107-4404-8DF3-67506D9B0EEC}.Debug|ARM64.Build.0 = Debug|Any CPU
		{1FBF2EDE-B107-4404-8DF3-67506D9B0EEC}.Debug|iPhone.ActiveCfg = Debug|Any CPU
		{1FBF2EDE-B107-4404-8DF3-67506D9B0EEC}.Debug|iPhone.Build.0 = Debug|Any CPU
		{1FBF2EDE-B107-4404-8DF3-67506D9B0EEC}.Debug|iPhoneSimulator.ActiveCfg = Debug|Any CPU
		{1FBF2EDE-B107-4404-8DF3-67506D9B0EEC}.Debug|iPhoneSimulator.Build.0 = Debug|Any CPU
		{1FBF2EDE-B107-4404-8DF3-67506D9B0EEC}.Debug|x64.ActiveCfg = Debug|Any CPU
		{1FBF2EDE-B107-4404-8DF3-67506D9B0EEC}.Debug|x64.Build.0 = Debug|Any CPU
		{1FBF2EDE-B107-4404-8DF3-67506D9B0EEC}.Debug|x86.ActiveCfg = Debug|Any CPU
		{1FBF2EDE-B107-4404-8DF3-67506D9B0EEC}.Debug|x86.Build.0 = Debug|Any CPU
		{1FBF2EDE-B107-4404-8DF3-67506D9B0EEC}.Release|Any CPU.ActiveCfg = Release|Any CPU
		{1FBF2EDE-B107-4404-8DF3-67506D9B0EEC}.Release|Any CPU.Build.0 = Release|Any CPU
		{1FBF2EDE-B107-4404-8DF3-67506D9B0EEC}.Release|ARM.ActiveCfg = Release|Any CPU
		{1FBF2EDE-B107-4404-8DF3-67506D9B0EEC}.Release|ARM.Build.0 = Release|Any CPU
		{1FBF2EDE-B107-4404-8DF3-67506D9B0EEC}.Release|ARM64.ActiveCfg = Release|Any CPU
		{1FBF2EDE-B107-4404-8DF3-67506D9B0EEC}.Release|ARM64.Build.0 = Release|Any CPU
		{1FBF2EDE-B107-4404-8DF3-67506D9B0EEC}.Release|iPhone.ActiveCfg = Release|Any CPU
		{1FBF2EDE-B107-4404-8DF3-67506D9B0EEC}.Release|iPhone.Build.0 = Release|Any CPU
		{1FBF2EDE-B107-4404-8DF3-67506D9B0EEC}.Release|iPhoneSimulator.ActiveCfg = Release|Any CPU
		{1FBF2EDE-B107-4404-8DF3-67506D9B0EEC}.Release|iPhoneSimulator.Build.0 = Release|Any CPU
		{1FBF2EDE-B107-4404-8DF3-67506D9B0EEC}.Release|x64.ActiveCfg = Release|Any CPU
		{1FBF2EDE-B107-4404-8DF3-67506D9B0EEC}.Release|x64.Build.0 = Release|Any CPU
		{1FBF2EDE-B107-4404-8DF3-67506D9B0EEC}.Release|x86.ActiveCfg = Release|Any CPU
		{1FBF2EDE-B107-4404-8DF3-67506D9B0EEC}.Release|x86.Build.0 = Release|Any CPU
		{6FEE92F1-5125-4D6F-AD1A-EA4ACB24D5D6}.Ad-Hoc|Any CPU.ActiveCfg = Release|iPhoneSimulator
		{6FEE92F1-5125-4D6F-AD1A-EA4ACB24D5D6}.Ad-Hoc|Any CPU.Build.0 = Release|iPhoneSimulator
		{6FEE92F1-5125-4D6F-AD1A-EA4ACB24D5D6}.Ad-Hoc|ARM.ActiveCfg = Release|iPhoneSimulator
		{6FEE92F1-5125-4D6F-AD1A-EA4ACB24D5D6}.Ad-Hoc|ARM.Build.0 = Release|iPhoneSimulator
		{6FEE92F1-5125-4D6F-AD1A-EA4ACB24D5D6}.Ad-Hoc|ARM64.ActiveCfg = Release|iPhoneSimulator
		{6FEE92F1-5125-4D6F-AD1A-EA4ACB24D5D6}.Ad-Hoc|ARM64.Build.0 = Release|iPhoneSimulator
		{6FEE92F1-5125-4D6F-AD1A-EA4ACB24D5D6}.Ad-Hoc|iPhone.ActiveCfg = Release|iPhoneSimulator
		{6FEE92F1-5125-4D6F-AD1A-EA4ACB24D5D6}.Ad-Hoc|iPhone.Build.0 = Release|iPhoneSimulator
		{6FEE92F1-5125-4D6F-AD1A-EA4ACB24D5D6}.Ad-Hoc|iPhoneSimulator.ActiveCfg = Release|iPhoneSimulator
		{6FEE92F1-5125-4D6F-AD1A-EA4ACB24D5D6}.Ad-Hoc|iPhoneSimulator.Build.0 = Release|iPhoneSimulator
		{6FEE92F1-5125-4D6F-AD1A-EA4ACB24D5D6}.Ad-Hoc|x64.ActiveCfg = Release|iPhoneSimulator
		{6FEE92F1-5125-4D6F-AD1A-EA4ACB24D5D6}.Ad-Hoc|x64.Build.0 = Release|iPhoneSimulator
		{6FEE92F1-5125-4D6F-AD1A-EA4ACB24D5D6}.Ad-Hoc|x86.ActiveCfg = Release|iPhoneSimulator
		{6FEE92F1-5125-4D6F-AD1A-EA4ACB24D5D6}.Ad-Hoc|x86.Build.0 = Release|iPhoneSimulator
		{6FEE92F1-5125-4D6F-AD1A-EA4ACB24D5D6}.AppStore|Any CPU.ActiveCfg = Release|iPhoneSimulator
		{6FEE92F1-5125-4D6F-AD1A-EA4ACB24D5D6}.AppStore|Any CPU.Build.0 = Release|iPhoneSimulator
		{6FEE92F1-5125-4D6F-AD1A-EA4ACB24D5D6}.AppStore|ARM.ActiveCfg = Release|iPhoneSimulator
		{6FEE92F1-5125-4D6F-AD1A-EA4ACB24D5D6}.AppStore|ARM.Build.0 = Release|iPhoneSimulator
		{6FEE92F1-5125-4D6F-AD1A-EA4ACB24D5D6}.AppStore|ARM64.ActiveCfg = Release|iPhoneSimulator
		{6FEE92F1-5125-4D6F-AD1A-EA4ACB24D5D6}.AppStore|ARM64.Build.0 = Release|iPhoneSimulator
		{6FEE92F1-5125-4D6F-AD1A-EA4ACB24D5D6}.AppStore|iPhone.ActiveCfg = Release|iPhoneSimulator
		{6FEE92F1-5125-4D6F-AD1A-EA4ACB24D5D6}.AppStore|iPhone.Build.0 = Release|iPhoneSimulator
		{6FEE92F1-5125-4D6F-AD1A-EA4ACB24D5D6}.AppStore|iPhoneSimulator.ActiveCfg = Release|iPhoneSimulator
		{6FEE92F1-5125-4D6F-AD1A-EA4ACB24D5D6}.AppStore|iPhoneSimulator.Build.0 = Release|iPhoneSimulator
		{6FEE92F1-5125-4D6F-AD1A-EA4ACB24D5D6}.AppStore|x64.ActiveCfg = Release|iPhoneSimulator
		{6FEE92F1-5125-4D6F-AD1A-EA4ACB24D5D6}.AppStore|x64.Build.0 = Release|iPhoneSimulator
		{6FEE92F1-5125-4D6F-AD1A-EA4ACB24D5D6}.AppStore|x86.ActiveCfg = Release|iPhoneSimulator
		{6FEE92F1-5125-4D6F-AD1A-EA4ACB24D5D6}.AppStore|x86.Build.0 = Release|iPhoneSimulator
		{6FEE92F1-5125-4D6F-AD1A-EA4ACB24D5D6}.Debug|Any CPU.ActiveCfg = Debug|iPhoneSimulator
		{6FEE92F1-5125-4D6F-AD1A-EA4ACB24D5D6}.Debug|ARM.ActiveCfg = Debug|iPhoneSimulator
		{6FEE92F1-5125-4D6F-AD1A-EA4ACB24D5D6}.Debug|ARM64.ActiveCfg = Debug|iPhoneSimulator
		{6FEE92F1-5125-4D6F-AD1A-EA4ACB24D5D6}.Debug|iPhone.ActiveCfg = Debug|iPhoneSimulator
		{6FEE92F1-5125-4D6F-AD1A-EA4ACB24D5D6}.Debug|iPhoneSimulator.ActiveCfg = Debug|iPhoneSimulator
		{6FEE92F1-5125-4D6F-AD1A-EA4ACB24D5D6}.Debug|iPhoneSimulator.Build.0 = Debug|iPhoneSimulator
		{6FEE92F1-5125-4D6F-AD1A-EA4ACB24D5D6}.Debug|x64.ActiveCfg = Debug|iPhoneSimulator
		{6FEE92F1-5125-4D6F-AD1A-EA4ACB24D5D6}.Debug|x86.ActiveCfg = Debug|iPhoneSimulator
		{6FEE92F1-5125-4D6F-AD1A-EA4ACB24D5D6}.Release|Any CPU.ActiveCfg = Release|iPhoneSimulator
		{6FEE92F1-5125-4D6F-AD1A-EA4ACB24D5D6}.Release|ARM.ActiveCfg = Release|iPhoneSimulator
		{6FEE92F1-5125-4D6F-AD1A-EA4ACB24D5D6}.Release|ARM64.ActiveCfg = Release|iPhoneSimulator
		{6FEE92F1-5125-4D6F-AD1A-EA4ACB24D5D6}.Release|iPhone.ActiveCfg = Release|iPhoneSimulator
		{6FEE92F1-5125-4D6F-AD1A-EA4ACB24D5D6}.Release|iPhoneSimulator.ActiveCfg = Release|iPhoneSimulator
		{6FEE92F1-5125-4D6F-AD1A-EA4ACB24D5D6}.Release|iPhoneSimulator.Build.0 = Release|iPhoneSimulator
		{6FEE92F1-5125-4D6F-AD1A-EA4ACB24D5D6}.Release|x64.ActiveCfg = Release|iPhoneSimulator
		{6FEE92F1-5125-4D6F-AD1A-EA4ACB24D5D6}.Release|x86.ActiveCfg = Release|iPhoneSimulator
	EndGlobalSection
	GlobalSection(SolutionProperties) = preSolution
		HideSolutionNode = FALSE
	EndGlobalSection
	GlobalSection(ExtensibilityGlobals) = postSolution
		SolutionGuid = {6492D063-8C71-47DC-AA7F-DFC925E359AD}
	EndGlobalSection
EndGlobal
